
Microsoft Visual Studio Solution File, Format Version 12.00
# Visual Studio Version 17
VisualStudioVersion = 17.3.32819.101
MinimumVisualStudioVersion = 10.0.40219.1
Project("{FAE04EC0-301F-11D3-BF4B-00C04F79EFBC}") = "Csharp_MongoDB", "Csharp_MongoDB\Csharp_MongoDB.csproj", "{BA339D03-9B6F-4D8D-8B72-C71A7DA99DFD}"
EndProject
Global
	GlobalSection(SolutionConfigurationPlatforms) = preSolution
		Debug|Any CPU = Debug|Any CPU
		Release|Any CPU = Release|Any CPU
	EndGlobalSection
	GlobalSection(ProjectConfigurationPlatforms) = postSolution
		{BA339D03-9B6F-4D8D-8B72-C71A7DA99DFD}.Debug|Any CPU.ActiveCfg = Debug|Any CPU
		{BA339D03-9B6F-4D8D-8B72-C71A7DA99DFD}.Debug|Any CPU.Build.0 = Debug|Any CPU
		{BA339D03-9B6F-4D8D-8B72-C71A7DA99DFD}.Release|Any CPU.ActiveCfg = Release|Any CPU
		{BA339D03-9B6F-4D8D-8B72-C71A7DA99DFD}.Release|Any CPU.Build.0 = Release|Any CPU
	EndGlobalSection
	GlobalSection(SolutionProperties) = preSolution
		HideSolutionNode = FALSE
	EndGlobalSection
	GlobalSection(ExtensibilityGlobals) = postSolution
		SolutionGuid = {D40B0D55-461F-43B7-A4DF-CAE859C610C2}
	EndGlobalSection
EndGlobal
